{
  "name": "@hunpeolabs/ai-agent-kit",
  "version": "1.0.0",
  "lockfileVersion": 3,
  "requires": true,
  "packages": {
    "": {
      "name": "@hunpeolabs/ai-agent-kit",
      "version": "1.0.0",
      "hasInstallScript": true,
      "license": "MIT",
      "bin": {
        "ai-agent-kit": "dist/bin/ai-agent-kit.mjs"
      },
      "engines": {
        "node": ">=20"
      }
    }
  }
}
